// !$*UTF8*$!
{
	archiveVersion = 1;
	classes = {
	};
	objectVersion = 51;
	objects = {

/* Begin PBXBuildFile section */
		23EB791F27CE5C03009AFC1C /* CreatePointView.swift in Sources */ = {isa = PBXBuildFile; fileRef = 23EB791E27CE5C03009AFC1C /* CreatePointView.swift */; };
		23EB792127CE6434009AFC1C /* CompetitionInfo.swift in Sources */ = {isa = PBXBuildFile; fileRef = 23EB792027CE6434009AFC1C /* CompetitionInfo.swift */; };
		5A50D17927E0DAE80063CFDF /* Competitors.swift in Sources */ = {isa = PBXBuildFile; fileRef = 5A50D17827E0DAE80063CFDF /* Competitors.swift */; };
		5A654DC227FDD16E006095B2 /* FirebaseDummy.swift in Sources */ = {isa = PBXBuildFile; fileRef = 5A654DC127FDD16E006095B2 /* FirebaseDummy.swift */; };
		5AB62E2427CE5BC0005FA340 /* CreateTimeCompView.swift in Sources */ = {isa = PBXBuildFile; fileRef = 5AB62E2327CE5BC0005FA340 /* CreateTimeCompView.swift */; };
		731AC7CCFFB14551DC3147C7 /* Pods_Crown.framework in Frameworks */ = {isa = PBXBuildFile; fileRef = 837A014AC8004DCC6E47DAD9 /* Pods_Crown.framework */; };
		AB4BF252281460D400B290F7 /* CreateBracketView.swift in Sources */ = {isa = PBXBuildFile; fileRef = AB4BF251281460D400B290F7 /* CreateBracketView.swift */; };
		AB4BF2542814619700B290F7 /* CustomizeBracketView.swift in Sources */ = {isa = PBXBuildFile; fileRef = AB4BF2532814619700B290F7 /* CustomizeBracketView.swift */; };
		AB4BF257281470D800B290F7 /* DisplayCaseView.swift in Sources */ = {isa = PBXBuildFile; fileRef = AB4BF256281470D800B290F7 /* DisplayCaseView.swift */; };
		AB4BF2592814727300B290F7 /* Crown.swift in Sources */ = {isa = PBXBuildFile; fileRef = AB4BF2582814727300B290F7 /* Crown.swift */; };
		AB4BF25C281725E000B290F7 /* FormatView.swift in Sources */ = {isa = PBXBuildFile; fileRef = AB4BF25B281725E000B290F7 /* FormatView.swift */; };
		AB4BF25F281A54B800B290F7 /* WCDView.swift in Sources */ = {isa = PBXBuildFile; fileRef = AB4BF25E281A54B800B290F7 /* WCDView.swift */; };
		AB4BF261281A5BB300B290F7 /* MDView.swift in Sources */ = {isa = PBXBuildFile; fileRef = AB4BF260281A5BB300B290F7 /* MDView.swift */; };
		AB4BF263281A5C8D00B290F7 /* AMView.swift in Sources */ = {isa = PBXBuildFile; fileRef = AB4BF262281A5C8D00B290F7 /* AMView.swift */; };
		E300F1AB28196D5100D4CE30 /* DetailsView.swift in Sources */ = {isa = PBXBuildFile; fileRef = E300F1AA28196D5100D4CE30 /* DetailsView.swift */; };
		E3040B4D27BD91990029E9CA /* ButtonView.swift in Sources */ = {isa = PBXBuildFile; fileRef = E3040B4C27BD91990029E9CA /* ButtonView.swift */; };
		E3040B4F27BD92280029E9CA /* Constants.swift in Sources */ = {isa = PBXBuildFile; fileRef = E3040B4E27BD92280029E9CA /* Constants.swift */; };
		E3040B5127BD92640029E9CA /* FirebaseFunctions.swift in Sources */ = {isa = PBXBuildFile; fileRef = E3040B5027BD92640029E9CA /* FirebaseFunctions.swift */; };
		E3040B5327BD92910029E9CA /* ForgotPasswordView.swift in Sources */ = {isa = PBXBuildFile; fileRef = E3040B5227BD92910029E9CA /* ForgotPasswordView.swift */; };
		E3040B5527BD92B60029E9CA /* HomeView.swift in Sources */ = {isa = PBXBuildFile; fileRef = E3040B5427BD92B60029E9CA /* HomeView.swift */; };
		E3040B5727BD92F90029E9CA /* LoginView.swift in Sources */ = {isa = PBXBuildFile; fileRef = E3040B5627BD92F90029E9CA /* LoginView.swift */; };
		E3040B5927BD93310029E9CA /* NavAppearanceModifier.swift in Sources */ = {isa = PBXBuildFile; fileRef = E3040B5827BD93310029E9CA /* NavAppearanceModifier.swift */; };
		E3040B5B27BD93660029E9CA /* PreviewLayoutComponentModifier.swift in Sources */ = {isa = PBXBuildFile; fileRef = E3040B5A27BD93660029E9CA /* PreviewLayoutComponentModifier.swift */; };
		E3040B5D27BD937E0029E9CA /* RegisterView.swift in Sources */ = {isa = PBXBuildFile; fileRef = E3040B5C27BD937E0029E9CA /* RegisterView.swift */; };
		E3040B5F27BD939A0029E9CA /* UserInfo.swift in Sources */ = {isa = PBXBuildFile; fileRef = E3040B5E27BD939A0029E9CA /* UserInfo.swift */; };
		E3040B6127BD97BF0029E9CA /* GoogleService-Info.plist in Resources */ = {isa = PBXBuildFile; fileRef = E3040B6027BD97BF0029E9CA /* GoogleService-Info.plist */; };
		E3040B6327C673930029E9CA /* TimeCompView.swift in Sources */ = {isa = PBXBuildFile; fileRef = E3040B6227C673930029E9CA /* TimeCompView.swift */; };
		E3040B6527C673A70029E9CA /* BracketView.swift in Sources */ = {isa = PBXBuildFile; fileRef = E3040B6427C673A70029E9CA /* BracketView.swift */; };
		E3040B6727C673B90029E9CA /* PointCompView.swift in Sources */ = {isa = PBXBuildFile; fileRef = E3040B6627C673B90029E9CA /* PointCompView.swift */; };
		E317536D2812DD3C0010E643 /* CustomizePointView.swift in Sources */ = {isa = PBXBuildFile; fileRef = E317536C2812DD3C0010E643 /* CustomizePointView.swift */; };
		E34F8C1727C7D25300949EED /* CompetitionChooserView.swift in Sources */ = {isa = PBXBuildFile; fileRef = E34F8C1627C7D25300949EED /* CompetitionChooserView.swift */; };
		E376331127BD557E00A7AD56 /* CrownApp.swift in Sources */ = {isa = PBXBuildFile; fileRef = E376331027BD557E00A7AD56 /* CrownApp.swift */; };
		E376331327BD557E00A7AD56 /* ContentView.swift in Sources */ = {isa = PBXBuildFile; fileRef = E376331227BD557E00A7AD56 /* ContentView.swift */; };
		E376331527BD558100A7AD56 /* Assets.xcassets in Resources */ = {isa = PBXBuildFile; fileRef = E376331427BD558100A7AD56 /* Assets.xcassets */; };
		E376331827BD558100A7AD56 /* Preview Assets.xcassets in Resources */ = {isa = PBXBuildFile; fileRef = E376331727BD558100A7AD56 /* Preview Assets.xcassets */; };
		E376332327BD558200A7AD56 /* CrownTests.swift in Sources */ = {isa = PBXBuildFile; fileRef = E376332227BD558200A7AD56 /* CrownTests.swift */; };
		E376332E27BD558200A7AD56 /* CrownUITests.swift in Sources */ = {isa = PBXBuildFile; fileRef = E376332D27BD558200A7AD56 /* CrownUITests.swift */; };
		E39D218727D8D582002EFE2F /* AccountView.swift in Sources */ = {isa = PBXBuildFile; fileRef = E39D218627D8D582002EFE2F /* AccountView.swift */; };
		E39D218927D950D1002EFE2F /* tabview.swift in Sources */ = {isa = PBXBuildFile; fileRef = E39D218827D950D1002EFE2F /* tabview.swift */; };
		E39D218E27E0D074002EFE2F /* FindView.swift in Sources */ = {isa = PBXBuildFile; fileRef = E39D218D27E0D073002EFE2F /* FindView.swift */; };
		E39D219327E834E6002EFE2F /* CustomizeTimeView.swift in Sources */ = {isa = PBXBuildFile; fileRef = E39D219227E834E6002EFE2F /* CustomizeTimeView.swift */; };
		E3C62CC127CE6B2700F7A805 /* BracketInfo.swift in Sources */ = {isa = PBXBuildFile; fileRef = E3C62CC027CE6B2700F7A805 /* BracketInfo.swift */; };
		E3C62CC727CE6C2C00F7A805 /* PointInfo.swift in Sources */ = {isa = PBXBuildFile; fileRef = E3C62CC627CE6C2C00F7A805 /* PointInfo.swift */; };
		E3D9E45E27CE61FD00282DBC /* TimeInfo.swift in Sources */ = {isa = PBXBuildFile; fileRef = E3D9E45D27CE61FD00282DBC /* TimeInfo.swift */; };
/* End PBXBuildFile section */

/* Begin PBXContainerItemProxy section */
		E376331F27BD558200A7AD56 /* PBXContainerItemProxy */ = {
			isa = PBXContainerItemProxy;
			containerPortal = E376330527BD557E00A7AD56 /* Project object */;
			proxyType = 1;
			remoteGlobalIDString = E376330C27BD557E00A7AD56;
			remoteInfo = Crown;
		};
		E376332A27BD558200A7AD56 /* PBXContainerItemProxy */ = {
			isa = PBXContainerItemProxy;
			containerPortal = E376330527BD557E00A7AD56 /* Project object */;
			proxyType = 1;
			remoteGlobalIDString = E376330C27BD557E00A7AD56;
			remoteInfo = Crown;
		};
/* End PBXContainerItemProxy section */

/* Begin PBXFileReference section */
		23EB791E27CE5C03009AFC1C /* CreatePointView.swift */ = {isa = PBXFileReference; lastKnownFileType = sourcecode.swift; path = CreatePointView.swift; sourceTree = "<group>"; };
		23EB792027CE6434009AFC1C /* CompetitionInfo.swift */ = {isa = PBXFileReference; lastKnownFileType = sourcecode.swift; path = CompetitionInfo.swift; sourceTree = "<group>"; };
		5A50D17827E0DAE80063CFDF /* Competitors.swift */ = {isa = PBXFileReference; lastKnownFileType = sourcecode.swift; path = Competitors.swift; sourceTree = "<group>"; };
		5A654DC127FDD16E006095B2 /* FirebaseDummy.swift */ = {isa = PBXFileReference; lastKnownFileType = sourcecode.swift; path = FirebaseDummy.swift; sourceTree = "<group>"; };
		5AB62E2327CE5BC0005FA340 /* CreateTimeCompView.swift */ = {isa = PBXFileReference; lastKnownFileType = sourcecode.swift; path = CreateTimeCompView.swift; sourceTree = "<group>"; };
		837A014AC8004DCC6E47DAD9 /* Pods_Crown.framework */ = {isa = PBXFileReference; explicitFileType = wrapper.framework; includeInIndex = 0; path = Pods_Crown.framework; sourceTree = BUILT_PRODUCTS_DIR; };
		A46104DD08EF13B12C6F3F4D /* Pods-Crown.release.xcconfig */ = {isa = PBXFileReference; includeInIndex = 1; lastKnownFileType = text.xcconfig; name = "Pods-Crown.release.xcconfig"; path = "Target Support Files/Pods-Crown/Pods-Crown.release.xcconfig"; sourceTree = "<group>"; };
		AB4BF251281460D400B290F7 /* CreateBracketView.swift */ = {isa = PBXFileReference; lastKnownFileType = sourcecode.swift; path = CreateBracketView.swift; sourceTree = "<group>"; };
		AB4BF2532814619700B290F7 /* CustomizeBracketView.swift */ = {isa = PBXFileReference; lastKnownFileType = sourcecode.swift; path = CustomizeBracketView.swift; sourceTree = "<group>"; };
		AB4BF256281470D800B290F7 /* DisplayCaseView.swift */ = {isa = PBXFileReference; lastKnownFileType = sourcecode.swift; path = DisplayCaseView.swift; sourceTree = "<group>"; };
		AB4BF2582814727300B290F7 /* Crown.swift */ = {isa = PBXFileReference; lastKnownFileType = sourcecode.swift; path = Crown.swift; sourceTree = "<group>"; };
		AB4BF25B281725E000B290F7 /* FormatView.swift */ = {isa = PBXFileReference; lastKnownFileType = sourcecode.swift; path = FormatView.swift; sourceTree = "<group>"; };
		AB4BF25E281A54B800B290F7 /* WCDView.swift */ = {isa = PBXFileReference; lastKnownFileType = sourcecode.swift; path = WCDView.swift; sourceTree = "<group>"; };
		AB4BF260281A5BB300B290F7 /* MDView.swift */ = {isa = PBXFileReference; lastKnownFileType = sourcecode.swift; path = MDView.swift; sourceTree = "<group>"; };
		AB4BF262281A5C8D00B290F7 /* AMView.swift */ = {isa = PBXFileReference; lastKnownFileType = sourcecode.swift; path = AMView.swift; sourceTree = "<group>"; };
		C1FCCBDCA9702607B098B425 /* Pods-Crown.debug.xcconfig */ = {isa = PBXFileReference; includeInIndex = 1; lastKnownFileType = text.xcconfig; name = "Pods-Crown.debug.xcconfig"; path = "Target Support Files/Pods-Crown/Pods-Crown.debug.xcconfig"; sourceTree = "<group>"; };
		E300F1AA28196D5100D4CE30 /* DetailsView.swift */ = {isa = PBXFileReference; lastKnownFileType = sourcecode.swift; path = DetailsView.swift; sourceTree = "<group>"; };
		E3040B4C27BD91990029E9CA /* ButtonView.swift */ = {isa = PBXFileReference; lastKnownFileType = sourcecode.swift; path = ButtonView.swift; sourceTree = "<group>"; };
		E3040B4E27BD92280029E9CA /* Constants.swift */ = {isa = PBXFileReference; lastKnownFileType = sourcecode.swift; path = Constants.swift; sourceTree = "<group>"; };
		E3040B5027BD92640029E9CA /* FirebaseFunctions.swift */ = {isa = PBXFileReference; lastKnownFileType = sourcecode.swift; path = FirebaseFunctions.swift; sourceTree = "<group>"; };
		E3040B5227BD92910029E9CA /* ForgotPasswordView.swift */ = {isa = PBXFileReference; lastKnownFileType = sourcecode.swift; path = ForgotPasswordView.swift; sourceTree = "<group>"; };
		E3040B5427BD92B60029E9CA /* HomeView.swift */ = {isa = PBXFileReference; lastKnownFileType = sourcecode.swift; path = HomeView.swift; sourceTree = "<group>"; };
		E3040B5627BD92F90029E9CA /* LoginView.swift */ = {isa = PBXFileReference; lastKnownFileType = sourcecode.swift; path = LoginView.swift; sourceTree = "<group>"; };
		E3040B5827BD93310029E9CA /* NavAppearanceModifier.swift */ = {isa = PBXFileReference; lastKnownFileType = sourcecode.swift; path = NavAppearanceModifier.swift; sourceTree = "<group>"; };
		E3040B5A27BD93660029E9CA /* PreviewLayoutComponentModifier.swift */ = {isa = PBXFileReference; lastKnownFileType = sourcecode.swift; path = PreviewLayoutComponentModifier.swift; sourceTree = "<group>"; };
		E3040B5C27BD937E0029E9CA /* RegisterView.swift */ = {isa = PBXFileReference; lastKnownFileType = sourcecode.swift; path = RegisterView.swift; sourceTree = "<group>"; };
		E3040B5E27BD939A0029E9CA /* UserInfo.swift */ = {isa = PBXFileReference; lastKnownFileType = sourcecode.swift; path = UserInfo.swift; sourceTree = "<group>"; };
		E3040B6027BD97BF0029E9CA /* GoogleService-Info.plist */ = {isa = PBXFileReference; fileEncoding = 4; lastKnownFileType = text.plist.xml; path = "GoogleService-Info.plist"; sourceTree = "<group>"; };
		E3040B6227C673930029E9CA /* TimeCompView.swift */ = {isa = PBXFileReference; lastKnownFileType = sourcecode.swift; path = TimeCompView.swift; sourceTree = "<group>"; };
		E3040B6427C673A70029E9CA /* BracketView.swift */ = {isa = PBXFileReference; lastKnownFileType = sourcecode.swift; path = BracketView.swift; sourceTree = "<group>"; };
		E3040B6627C673B90029E9CA /* PointCompView.swift */ = {isa = PBXFileReference; lastKnownFileType = sourcecode.swift; path = PointCompView.swift; sourceTree = "<group>"; };
		E317536C2812DD3C0010E643 /* CustomizePointView.swift */ = {isa = PBXFileReference; lastKnownFileType = sourcecode.swift; path = CustomizePointView.swift; sourceTree = "<group>"; };
		E34F8C1627C7D25300949EED /* CompetitionChooserView.swift */ = {isa = PBXFileReference; lastKnownFileType = sourcecode.swift; path = CompetitionChooserView.swift; sourceTree = "<group>"; };
		E376330D27BD557E00A7AD56 /* Crown.app */ = {isa = PBXFileReference; explicitFileType = wrapper.application; includeInIndex = 0; path = Crown.app; sourceTree = BUILT_PRODUCTS_DIR; };
		E376331027BD557E00A7AD56 /* CrownApp.swift */ = {isa = PBXFileReference; lastKnownFileType = sourcecode.swift; path = CrownApp.swift; sourceTree = "<group>"; };
		E376331227BD557E00A7AD56 /* ContentView.swift */ = {isa = PBXFileReference; lastKnownFileType = sourcecode.swift; path = ContentView.swift; sourceTree = "<group>"; };
		E376331427BD558100A7AD56 /* Assets.xcassets */ = {isa = PBXFileReference; lastKnownFileType = folder.assetcatalog; path = Assets.xcassets; sourceTree = "<group>"; };
		E376331727BD558100A7AD56 /* Preview Assets.xcassets */ = {isa = PBXFileReference; lastKnownFileType = folder.assetcatalog; path = "Preview Assets.xcassets"; sourceTree = "<group>"; };
		E376331927BD558100A7AD56 /* Info.plist */ = {isa = PBXFileReference; lastKnownFileType = text.plist.xml; path = Info.plist; sourceTree = "<group>"; };
		E376331E27BD558200A7AD56 /* CrownTests.xctest */ = {isa = PBXFileReference; explicitFileType = wrapper.cfbundle; includeInIndex = 0; path = CrownTests.xctest; sourceTree = BUILT_PRODUCTS_DIR; };
		E376332227BD558200A7AD56 /* CrownTests.swift */ = {isa = PBXFileReference; lastKnownFileType = sourcecode.swift; path = CrownTests.swift; sourceTree = "<group>"; };
		E376332427BD558200A7AD56 /* Info.plist */ = {isa = PBXFileReference; lastKnownFileType = text.plist.xml; path = Info.plist; sourceTree = "<group>"; };
		E376332927BD558200A7AD56 /* CrownUITests.xctest */ = {isa = PBXFileReference; explicitFileType = wrapper.cfbundle; includeInIndex = 0; path = CrownUITests.xctest; sourceTree = BUILT_PRODUCTS_DIR; };
		E376332D27BD558200A7AD56 /* CrownUITests.swift */ = {isa = PBXFileReference; lastKnownFileType = sourcecode.swift; path = CrownUITests.swift; sourceTree = "<group>"; };
		E376332F27BD558200A7AD56 /* Info.plist */ = {isa = PBXFileReference; lastKnownFileType = text.plist.xml; path = Info.plist; sourceTree = "<group>"; };
		E39D218627D8D582002EFE2F /* AccountView.swift */ = {isa = PBXFileReference; lastKnownFileType = sourcecode.swift; path = AccountView.swift; sourceTree = "<group>"; };
		E39D218827D950D1002EFE2F /* tabview.swift */ = {isa = PBXFileReference; lastKnownFileType = sourcecode.swift; path = tabview.swift; sourceTree = "<group>"; };
		E39D218D27E0D073002EFE2F /* FindView.swift */ = {isa = PBXFileReference; lastKnownFileType = sourcecode.swift; path = FindView.swift; sourceTree = "<group>"; };
		E39D219227E834E6002EFE2F /* CustomizeTimeView.swift */ = {isa = PBXFileReference; lastKnownFileType = sourcecode.swift; path = CustomizeTimeView.swift; sourceTree = "<group>"; };
		E3C62CC027CE6B2700F7A805 /* BracketInfo.swift */ = {isa = PBXFileReference; lastKnownFileType = sourcecode.swift; path = BracketInfo.swift; sourceTree = "<group>"; };
		E3C62CC627CE6C2C00F7A805 /* PointInfo.swift */ = {isa = PBXFileReference; lastKnownFileType = sourcecode.swift; path = PointInfo.swift; sourceTree = "<group>"; };
		E3D9E45D27CE61FD00282DBC /* TimeInfo.swift */ = {isa = PBXFileReference; lastKnownFileType = sourcecode.swift; path = TimeInfo.swift; sourceTree = "<group>"; };
/* End PBXFileReference section */

/* Begin PBXFrameworksBuildPhase section */
		E376330A27BD557E00A7AD56 /* Frameworks */ = {
			isa = PBXFrameworksBuildPhase;
			buildActionMask = 2147483647;
			files = (
				731AC7CCFFB14551DC3147C7 /* Pods_Crown.framework in Frameworks */,
			);
			runOnlyForDeploymentPostprocessing = 0;
		};
		E376331B27BD558200A7AD56 /* Frameworks */ = {
			isa = PBXFrameworksBuildPhase;
			buildActionMask = 2147483647;
			files = (
			);
			runOnlyForDeploymentPostprocessing = 0;
		};
		E376332627BD558200A7AD56 /* Frameworks */ = {
			isa = PBXFrameworksBuildPhase;
			buildActionMask = 2147483647;
			files = (
			);
			runOnlyForDeploymentPostprocessing = 0;
		};
/* End PBXFrameworksBuildPhase section */

/* Begin PBXGroup section */
		4A4204C159E62848E244AEF7 /* Pods */ = {
			isa = PBXGroup;
			children = (
				C1FCCBDCA9702607B098B425 /* Pods-Crown.debug.xcconfig */,
				A46104DD08EF13B12C6F3F4D /* Pods-Crown.release.xcconfig */,
			);
			path = Pods;
			sourceTree = "<group>";
		};
		5A50D17727E0DAD60063CFDF /* models */ = {
			isa = PBXGroup;
			children = (
				5A50D17827E0DAE80063CFDF /* Competitors.swift */,
				23EB792027CE6434009AFC1C /* CompetitionInfo.swift */,
				AB4BF2582814727300B290F7 /* Crown.swift */,
				E3040B5027BD92640029E9CA /* FirebaseFunctions.swift */,
				E3040B5E27BD939A0029E9CA /* UserInfo.swift */,
			);
			path = models;
			sourceTree = "<group>";
		};
		7ECD0A6F995FB6B705785A28 /* Frameworks */ = {
			isa = PBXGroup;
			children = (
				837A014AC8004DCC6E47DAD9 /* Pods_Crown.framework */,
			);
			name = Frameworks;
			sourceTree = "<group>";
		};
		AB4BF255281470B600B290F7 /* Display Case */ = {
			isa = PBXGroup;
			children = (
				AB4BF256281470D800B290F7 /* DisplayCaseView.swift */,
			);
			path = "Display Case";
			sourceTree = "<group>";
		};
		AB4BF25A281725BF00B290F7 /* Format */ = {
			isa = PBXGroup;
			children = (
				AB4BF25B281725E000B290F7 /* FormatView.swift */,
			);
			path = Format;
			sourceTree = "<group>";
		};
		AB4BF25D281A547B00B290F7 /* Join */ = {
			isa = PBXGroup;
			children = (
				AB4BF25E281A54B800B290F7 /* WCDView.swift */,
				AB4BF260281A5BB300B290F7 /* MDView.swift */,
				AB4BF262281A5C8D00B290F7 /* AMView.swift */,
			);
			path = Join;
			sourceTree = "<group>";
		};
		E300F1A928196D2D00D4CE30 /* Details */ = {
			isa = PBXGroup;
			children = (
				E300F1AA28196D5100D4CE30 /* DetailsView.swift */,
			);
			path = Details;
			sourceTree = "<group>";
		};
		E3040B6827C673CD0029E9CA /* Competitions */ = {
			isa = PBXGroup;
			children = (
				E3040B6227C673930029E9CA /* TimeCompView.swift */,
				5A654DC127FDD16E006095B2 /* FirebaseDummy.swift */,
				E3040B6427C673A70029E9CA /* BracketView.swift */,
				E3040B6627C673B90029E9CA /* PointCompView.swift */,
			);
			path = Competitions;
			sourceTree = "<group>";
		};
		E3040B6927C673F00029E9CA /* Views */ = {
			isa = PBXGroup;
			children = (
				E39D218527D8D567002EFE2F /* Account */,
				E3040B6E27C6750B0029E9CA /* Button */,
				E3490C94280D9ABA00904E3F /* Chooser */,
				E3040B6827C673CD0029E9CA /* Competitions */,
				E3490C96280D9B0600904E3F /* Create */,
				E311C36D27E89F30004001E7 /* Customize */,
				E300F1A928196D2D00D4CE30 /* Details */,
				AB4BF255281470B600B290F7 /* Display Case */,
				E39D218C27E0D013002EFE2F /* Find */,
				E3040B6C27C674A20029E9CA /* Forgot Password */,
				AB4BF25A281725BF00B290F7 /* Format */,
				E3040B6D27C674E80029E9CA /* Home */,
				AB4BF25D281A547B00B290F7 /* Join */,
				E3040B6A27C674670029E9CA /* Login */,
				E3040B6B27C674800029E9CA /* Register */,
				E39D219427E8354A002EFE2F /* Tab */,
			);
			path = Views;
			sourceTree = "<group>";
		};
		E3040B6A27C674670029E9CA /* Login */ = {
			isa = PBXGroup;
			children = (
				E3040B5627BD92F90029E9CA /* LoginView.swift */,
			);
			path = Login;
			sourceTree = "<group>";
		};
		E3040B6B27C674800029E9CA /* Register */ = {
			isa = PBXGroup;
			children = (
				E3040B5C27BD937E0029E9CA /* RegisterView.swift */,
			);
			path = Register;
			sourceTree = "<group>";
		};
		E3040B6C27C674A20029E9CA /* Forgot Password */ = {
			isa = PBXGroup;
			children = (
				E3040B5227BD92910029E9CA /* ForgotPasswordView.swift */,
			);
			path = "Forgot Password";
			sourceTree = "<group>";
		};
		E3040B6D27C674E80029E9CA /* Home */ = {
			isa = PBXGroup;
			children = (
				E3040B5427BD92B60029E9CA /* HomeView.swift */,
			);
			path = Home;
			sourceTree = "<group>";
		};
		E3040B6E27C6750B0029E9CA /* Button */ = {
			isa = PBXGroup;
			children = (
				E3040B4C27BD91990029E9CA /* ButtonView.swift */,
			);
			path = Button;
			sourceTree = "<group>";
		};
		E311C36D27E89F30004001E7 /* Customize */ = {
			isa = PBXGroup;
			children = (
				AB4BF2532814619700B290F7 /* CustomizeBracketView.swift */,
				E39D219227E834E6002EFE2F /* CustomizeTimeView.swift */,
				E317536C2812DD3C0010E643 /* CustomizePointView.swift */,
			);
			path = Customize;
			sourceTree = "<group>";
		};
		E3490C94280D9ABA00904E3F /* Chooser */ = {
			isa = PBXGroup;
			children = (
				E34F8C1627C7D25300949EED /* CompetitionChooserView.swift */,
				E3490C95280D9AD500904E3F /* Info */,
			);
			path = Chooser;
			sourceTree = "<group>";
		};
		E3490C95280D9AD500904E3F /* Info */ = {
			isa = PBXGroup;
			children = (
				E3C62CC027CE6B2700F7A805 /* BracketInfo.swift */,
				E3C62CC627CE6C2C00F7A805 /* PointInfo.swift */,
				E3D9E45D27CE61FD00282DBC /* TimeInfo.swift */,
			);
			path = Info;
			sourceTree = "<group>";
		};
		E3490C96280D9B0600904E3F /* Create */ = {
			isa = PBXGroup;
			children = (
				AB4BF251281460D400B290F7 /* CreateBracketView.swift */,
				23EB791E27CE5C03009AFC1C /* CreatePointView.swift */,
				5AB62E2327CE5BC0005FA340 /* CreateTimeCompView.swift */,
			);
			path = Create;
			sourceTree = "<group>";
		};
		E376330427BD557E00A7AD56 = {
			isa = PBXGroup;
			children = (
				E376330F27BD557E00A7AD56 /* Crown */,
				E376332127BD558200A7AD56 /* CrownTests */,
				E376332C27BD558200A7AD56 /* CrownUITests */,
				E376330E27BD557E00A7AD56 /* Products */,
				4A4204C159E62848E244AEF7 /* Pods */,
				7ECD0A6F995FB6B705785A28 /* Frameworks */,
			);
			sourceTree = "<group>";
		};
		E376330E27BD557E00A7AD56 /* Products */ = {
			isa = PBXGroup;
			children = (
				E376330D27BD557E00A7AD56 /* Crown.app */,
				E376331E27BD558200A7AD56 /* CrownTests.xctest */,
				E376332927BD558200A7AD56 /* CrownUITests.xctest */,
			);
			name = Products;
			sourceTree = "<group>";
		};
		E376330F27BD557E00A7AD56 /* Crown */ = {
			isa = PBXGroup;
			children = (
				5A50D17727E0DAD60063CFDF /* models */,
				E3040B6927C673F00029E9CA /* Views */,
				E376331027BD557E00A7AD56 /* CrownApp.swift */,
				E376331227BD557E00A7AD56 /* ContentView.swift */,
				E376331427BD558100A7AD56 /* Assets.xcassets */,
				E376331927BD558100A7AD56 /* Info.plist */,
				E376331627BD558100A7AD56 /* Preview Content */,
				E3040B4E27BD92280029E9CA /* Constants.swift */,
				E3040B5827BD93310029E9CA /* NavAppearanceModifier.swift */,
				E3040B5A27BD93660029E9CA /* PreviewLayoutComponentModifier.swift */,
				E3040B6027BD97BF0029E9CA /* GoogleService-Info.plist */,
			);
			path = Crown;
			sourceTree = "<group>";
		};
		E376331627BD558100A7AD56 /* Preview Content */ = {
			isa = PBXGroup;
			children = (
				E376331727BD558100A7AD56 /* Preview Assets.xcassets */,
			);
			path = "Preview Content";
			sourceTree = "<group>";
		};
		E376332127BD558200A7AD56 /* CrownTests */ = {
			isa = PBXGroup;
			children = (
				E376332227BD558200A7AD56 /* CrownTests.swift */,
				E376332427BD558200A7AD56 /* Info.plist */,
			);
			path = CrownTests;
			sourceTree = "<group>";
		};
		E376332C27BD558200A7AD56 /* CrownUITests */ = {
			isa = PBXGroup;
			children = (
				E376332D27BD558200A7AD56 /* CrownUITests.swift */,
				E376332F27BD558200A7AD56 /* Info.plist */,
			);
			path = CrownUITests;
			sourceTree = "<group>";
		};
		E39D218527D8D567002EFE2F /* Account */ = {
			isa = PBXGroup;
			children = (
				E39D218627D8D582002EFE2F /* AccountView.swift */,
			);
			path = Account;
			sourceTree = "<group>";
		};
		E39D218C27E0D013002EFE2F /* Find */ = {
			isa = PBXGroup;
			children = (
				E39D218D27E0D073002EFE2F /* FindView.swift */,
			);
			path = Find;
			sourceTree = "<group>";
		};
		E39D219427E8354A002EFE2F /* Tab */ = {
			isa = PBXGroup;
			children = (
				E39D218827D950D1002EFE2F /* tabview.swift */,
			);
			path = Tab;
			sourceTree = "<group>";
		};
/* End PBXGroup section */

/* Begin PBXNativeTarget section */
		E376330C27BD557E00A7AD56 /* Crown */ = {
			isa = PBXNativeTarget;
			buildConfigurationList = E376333227BD558200A7AD56 /* Build configuration list for PBXNativeTarget "Crown" */;
			buildPhases = (
				323378422B22C6F9D6E90EDB /* [CP] Check Pods Manifest.lock */,
				E376330927BD557E00A7AD56 /* Sources */,
				E376330A27BD557E00A7AD56 /* Frameworks */,
				E376330B27BD557E00A7AD56 /* Resources */,
				6ACBBFE324629F8C2DBEA550 /* [CP] Embed Pods Frameworks */,
			);
			buildRules = (
			);
			dependencies = (
			);
			name = Crown;
			productName = Crown;
			productReference = E376330D27BD557E00A7AD56 /* Crown.app */;
			productType = "com.apple.product-type.application";
		};
		E376331D27BD558200A7AD56 /* CrownTests */ = {
			isa = PBXNativeTarget;
			buildConfigurationList = E376333527BD558200A7AD56 /* Build configuration list for PBXNativeTarget "CrownTests" */;
			buildPhases = (
				E376331A27BD558200A7AD56 /* Sources */,
				E376331B27BD558200A7AD56 /* Frameworks */,
				E376331C27BD558200A7AD56 /* Resources */,
			);
			buildRules = (
			);
			dependencies = (
				E376332027BD558200A7AD56 /* PBXTargetDependency */,
			);
			name = CrownTests;
			productName = CrownTests;
			productReference = E376331E27BD558200A7AD56 /* CrownTests.xctest */;
			productType = "com.apple.product-type.bundle.unit-test";
		};
		E376332827BD558200A7AD56 /* CrownUITests */ = {
			isa = PBXNativeTarget;
			buildConfigurationList = E376333827BD558200A7AD56 /* Build configuration list for PBXNativeTarget "CrownUITests" */;
			buildPhases = (
				E376332527BD558200A7AD56 /* Sources */,
				E376332627BD558200A7AD56 /* Frameworks */,
				E376332727BD558200A7AD56 /* Resources */,
			);
			buildRules = (
			);
			dependencies = (
				E376332B27BD558200A7AD56 /* PBXTargetDependency */,
			);
			name = CrownUITests;
			productName = CrownUITests;
			productReference = E376332927BD558200A7AD56 /* CrownUITests.xctest */;
			productType = "com.apple.product-type.bundle.ui-testing";
		};
/* End PBXNativeTarget section */

/* Begin PBXProject section */
		E376330527BD557E00A7AD56 /* Project object */ = {
			isa = PBXProject;
			attributes = {
				LastSwiftUpdateCheck = 1250;
				LastUpgradeCheck = 1250;
				TargetAttributes = {
					E376330C27BD557E00A7AD56 = {
						CreatedOnToolsVersion = 12.5;
					};
					E376331D27BD558200A7AD56 = {
						CreatedOnToolsVersion = 12.5;
						TestTargetID = E376330C27BD557E00A7AD56;
					};
					E376332827BD558200A7AD56 = {
						CreatedOnToolsVersion = 12.5;
						TestTargetID = E376330C27BD557E00A7AD56;
					};
				};
			};
			buildConfigurationList = E376330827BD557E00A7AD56 /* Build configuration list for PBXProject "Crown" */;
			compatibilityVersion = "Xcode 9.3";
			developmentRegion = en;
			hasScannedForEncodings = 0;
			knownRegions = (
				en,
				Base,
			);
			mainGroup = E376330427BD557E00A7AD56;
			productRefGroup = E376330E27BD557E00A7AD56 /* Products */;
			projectDirPath = "";
			projectRoot = "";
			targets = (
				E376330C27BD557E00A7AD56 /* Crown */,
				E376331D27BD558200A7AD56 /* CrownTests */,
				E376332827BD558200A7AD56 /* CrownUITests */,
			);
		};
/* End PBXProject section */

/* Begin PBXResourcesBuildPhase section */
		E376330B27BD557E00A7AD56 /* Resources */ = {
			isa = PBXResourcesBuildPhase;
			buildActionMask = 2147483647;
			files = (
				E376331827BD558100A7AD56 /* Preview Assets.xcassets in Resources */,
				E376331527BD558100A7AD56 /* Assets.xcassets in Resources */,
				E3040B6127BD97BF0029E9CA /* GoogleService-Info.plist in Resources */,
			);
			runOnlyForDeploymentPostprocessing = 0;
		};
		E376331C27BD558200A7AD56 /* Resources */ = {
			isa = PBXResourcesBuildPhase;
			buildActionMask = 2147483647;
			files = (
			);
			runOnlyForDeploymentPostprocessing = 0;
		};
		E376332727BD558200A7AD56 /* Resources */ = {
			isa = PBXResourcesBuildPhase;
			buildActionMask = 2147483647;
			files = (
			);
			runOnlyForDeploymentPostprocessing = 0;
		};
/* End PBXResourcesBuildPhase section */

/* Begin PBXShellScriptBuildPhase section */
		323378422B22C6F9D6E90EDB /* [CP] Check Pods Manifest.lock */ = {
			isa = PBXShellScriptBuildPhase;
			buildActionMask = 2147483647;
			files = (
			);
			inputFileListPaths = (
			);
			inputPaths = (
				"${PODS_PODFILE_DIR_PATH}/Podfile.lock",
				"${PODS_ROOT}/Manifest.lock",
			);
			name = "[CP] Check Pods Manifest.lock";
			outputFileListPaths = (
			);
			outputPaths = (
				"$(DERIVED_FILE_DIR)/Pods-Crown-checkManifestLockResult.txt",
			);
			runOnlyForDeploymentPostprocessing = 0;
			shellPath = /bin/sh;
			shellScript = "diff \"${PODS_PODFILE_DIR_PATH}/Podfile.lock\" \"${PODS_ROOT}/Manifest.lock\" > /dev/null\nif [ $? != 0 ] ; then\n    # print error to STDERR\n    echo \"error: The sandbox is not in sync with the Podfile.lock. Run 'pod install' or update your CocoaPods installation.\" >&2\n    exit 1\nfi\n# This output is used by Xcode 'outputs' to avoid re-running this script phase.\necho \"SUCCESS\" > \"${SCRIPT_OUTPUT_FILE_0}\"\n";
			showEnvVarsInLog = 0;
		};
		6ACBBFE324629F8C2DBEA550 /* [CP] Embed Pods Frameworks */ = {
			isa = PBXShellScriptBuildPhase;
			buildActionMask = 2147483647;
			files = (
			);
			inputFileListPaths = (
				"${PODS_ROOT}/Target Support Files/Pods-Crown/Pods-Crown-frameworks-${CONFIGURATION}-input-files.xcfilelist",
			);
			name = "[CP] Embed Pods Frameworks";
			outputFileListPaths = (
				"${PODS_ROOT}/Target Support Files/Pods-Crown/Pods-Crown-frameworks-${CONFIGURATION}-output-files.xcfilelist",
			);
			runOnlyForDeploymentPostprocessing = 0;
			shellPath = /bin/sh;
			shellScript = "\"${PODS_ROOT}/Target Support Files/Pods-Crown/Pods-Crown-frameworks.sh\"\n";
			showEnvVarsInLog = 0;
		};
/* End PBXShellScriptBuildPhase section */

/* Begin PBXSourcesBuildPhase section */
		E376330927BD557E00A7AD56 /* Sources */ = {
			isa = PBXSourcesBuildPhase;
			buildActionMask = 2147483647;
			files = (
				E3C62CC727CE6C2C00F7A805 /* PointInfo.swift in Sources */,
				AB4BF261281A5BB300B290F7 /* MDView.swift in Sources */,
				E300F1AB28196D5100D4CE30 /* DetailsView.swift in Sources */,
				E39D218927D950D1002EFE2F /* tabview.swift in Sources */,
				E34F8C1727C7D25300949EED /* CompetitionChooserView.swift in Sources */,
				AB4BF2542814619700B290F7 /* CustomizeBracketView.swift in Sources */,
				E3040B5D27BD937E0029E9CA /* RegisterView.swift in Sources */,
				E3040B5127BD92640029E9CA /* FirebaseFunctions.swift in Sources */,
				23EB792127CE6434009AFC1C /* CompetitionInfo.swift in Sources */,
				5AB62E2427CE5BC0005FA340 /* CreateTimeCompView.swift in Sources */,
				E3040B5527BD92B60029E9CA /* HomeView.swift in Sources */,
				E376331327BD557E00A7AD56 /* ContentView.swift in Sources */,
				E3D9E45E27CE61FD00282DBC /* TimeInfo.swift in Sources */,
				E3040B5F27BD939A0029E9CA /* UserInfo.swift in Sources */,
				E317536D2812DD3C0010E643 /* CustomizePointView.swift in Sources */,
				5A654DC227FDD16E006095B2 /* FirebaseDummy.swift in Sources */,
				E376331127BD557E00A7AD56 /* CrownApp.swift in Sources */,
				E3040B6727C673B90029E9CA /* PointCompView.swift in Sources */,
				E39D219327E834E6002EFE2F /* CustomizeTimeView.swift in Sources */,
				E39D218E27E0D074002EFE2F /* FindView.swift in Sources */,
				23EB791F27CE5C03009AFC1C /* CreatePointView.swift in Sources */,
				AB4BF2592814727300B290F7 /* Crown.swift in Sources */,
				E3040B4D27BD91990029E9CA /* ButtonView.swift in Sources */,
				AB4BF252281460D400B290F7 /* CreateBracketView.swift in Sources */,
				E3040B6527C673A70029E9CA /* BracketView.swift in Sources */,
				E3040B6327C673930029E9CA /* TimeCompView.swift in Sources */,
				E3C62CC127CE6B2700F7A805 /* BracketInfo.swift in Sources */,
				E39D218727D8D582002EFE2F /* AccountView.swift in Sources */,
				E3040B5327BD92910029E9CA /* ForgotPasswordView.swift in Sources */,
				5A50D17927E0DAE80063CFDF /* Competitors.swift in Sources */,
				AB4BF25F281A54B800B290F7 /* WCDView.swift in Sources */,
				E3040B5727BD92F90029E9CA /* LoginView.swift in Sources */,
				AB4BF263281A5C8D00B290F7 /* AMView.swift in Sources */,
				AB4BF25C281725E000B290F7 /* FormatView.swift in Sources */,
				E3040B5B27BD93660029E9CA /* PreviewLayoutComponentModifier.swift in Sources */,
				AB4BF257281470D800B290F7 /* DisplayCaseView.swift in Sources */,
				E3040B4F27BD92280029E9CA /* Constants.swift in Sources */,
				E3040B5927BD93310029E9CA /* NavAppearanceModifier.swift in Sources */,
			);
			runOnlyForDeploymentPostprocessing = 0;
		};
		E376331A27BD558200A7AD56 /* Sources */ = {
			isa = PBXSourcesBuildPhase;
			buildActionMask = 2147483647;
			files = (
				E376332327BD558200A7AD56 /* CrownTests.swift in Sources */,
			);
			runOnlyForDeploymentPostprocessing = 0;
		};
		E376332527BD558200A7AD56 /* Sources */ = {
			isa = PBXSourcesBuildPhase;
			buildActionMask = 2147483647;
			files = (
				E376332E27BD558200A7AD56 /* CrownUITests.swift in Sources */,
			);
			runOnlyForDeploymentPostprocessing = 0;
		};
/* End PBXSourcesBuildPhase section */

/* Begin PBXTargetDependency section */
		E376332027BD558200A7AD56 /* PBXTargetDependency */ = {
			isa = PBXTargetDependency;
			target = E376330C27BD557E00A7AD56 /* Crown */;
			targetProxy = E376331F27BD558200A7AD56 /* PBXContainerItemProxy */;
		};
		E376332B27BD558200A7AD56 /* PBXTargetDependency */ = {
			isa = PBXTargetDependency;
			target = E376330C27BD557E00A7AD56 /* Crown */;
			targetProxy = E376332A27BD558200A7AD56 /* PBXContainerItemProxy */;
		};
/* End PBXTargetDependency section */

/* Begin XCBuildConfiguration section */
		E376333027BD558200A7AD56 /* Debug */ = {
			isa = XCBuildConfiguration;
			buildSettings = {
				ALWAYS_SEARCH_USER_PATHS = NO;
				CLANG_ANALYZER_NONNULL = YES;
				CLANG_ANALYZER_NUMBER_OBJECT_CONVERSION = YES_AGGRESSIVE;
				CLANG_CXX_LANGUAGE_STANDARD = "gnu++14";
				CLANG_CXX_LIBRARY = "libc++";
				CLANG_ENABLE_MODULES = YES;
				CLANG_ENABLE_OBJC_ARC = YES;
				CLANG_ENABLE_OBJC_WEAK = YES;
				CLANG_WARN_BLOCK_CAPTURE_AUTORELEASING = YES;
				CLANG_WARN_BOOL_CONVERSION = YES;
				CLANG_WARN_COMMA = YES;
				CLANG_WARN_CONSTANT_CONVERSION = YES;
				CLANG_WARN_DEPRECATED_OBJC_IMPLEMENTATIONS = YES;
				CLANG_WARN_DIRECT_OBJC_ISA_USAGE = YES_ERROR;
				CLANG_WARN_DOCUMENTATION_COMMENTS = YES;
				CLANG_WARN_EMPTY_BODY = YES;
				CLANG_WARN_ENUM_CONVERSION = YES;
				CLANG_WARN_INFINITE_RECURSION = YES;
				CLANG_WARN_INT_CONVERSION = YES;
				CLANG_WARN_NON_LITERAL_NULL_CONVERSION = YES;
				CLANG_WARN_OBJC_IMPLICIT_RETAIN_SELF = YES;
				CLANG_WARN_OBJC_LITERAL_CONVERSION = YES;
				CLANG_WARN_OBJC_ROOT_CLASS = YES_ERROR;
				CLANG_WARN_QUOTED_INCLUDE_IN_FRAMEWORK_HEADER = YES;
				CLANG_WARN_RANGE_LOOP_ANALYSIS = YES;
				CLANG_WARN_STRICT_PROTOTYPES = YES;
				CLANG_WARN_SUSPICIOUS_MOVE = YES;
				CLANG_WARN_UNGUARDED_AVAILABILITY = YES_AGGRESSIVE;
				CLANG_WARN_UNREACHABLE_CODE = YES;
				CLANG_WARN__DUPLICATE_METHOD_MATCH = YES;
				COPY_PHASE_STRIP = NO;
				DEBUG_INFORMATION_FORMAT = dwarf;
				ENABLE_STRICT_OBJC_MSGSEND = YES;
				ENABLE_TESTABILITY = YES;
				GCC_C_LANGUAGE_STANDARD = gnu11;
				GCC_DYNAMIC_NO_PIC = NO;
				GCC_NO_COMMON_BLOCKS = YES;
				GCC_OPTIMIZATION_LEVEL = 0;
				GCC_PREPROCESSOR_DEFINITIONS = (
					"DEBUG=1",
					"$(inherited)",
				);
				GCC_WARN_64_TO_32_BIT_CONVERSION = YES;
				GCC_WARN_ABOUT_RETURN_TYPE = YES_ERROR;
				GCC_WARN_UNDECLARED_SELECTOR = YES;
				GCC_WARN_UNINITIALIZED_AUTOS = YES_AGGRESSIVE;
				GCC_WARN_UNUSED_FUNCTION = YES;
				GCC_WARN_UNUSED_VARIABLE = YES;
				IPHONEOS_DEPLOYMENT_TARGET = 14.5;
				MTL_ENABLE_DEBUG_INFO = INCLUDE_SOURCE;
				MTL_FAST_MATH = YES;
				ONLY_ACTIVE_ARCH = YES;
				SDKROOT = iphoneos;
				SWIFT_ACTIVE_COMPILATION_CONDITIONS = DEBUG;
				SWIFT_OPTIMIZATION_LEVEL = "-Onone";
			};
			name = Debug;
		};
		E376333127BD558200A7AD56 /* Release */ = {
			isa = XCBuildConfiguration;
			buildSettings = {
				ALWAYS_SEARCH_USER_PATHS = NO;
				CLANG_ANALYZER_NONNULL = YES;
				CLANG_ANALYZER_NUMBER_OBJECT_CONVERSION = YES_AGGRESSIVE;
				CLANG_CXX_LANGUAGE_STANDARD = "gnu++14";
				CLANG_CXX_LIBRARY = "libc++";
				CLANG_ENABLE_MODULES = YES;
				CLANG_ENABLE_OBJC_ARC = YES;
				CLANG_ENABLE_OBJC_WEAK = YES;
				CLANG_WARN_BLOCK_CAPTURE_AUTORELEASING = YES;
				CLANG_WARN_BOOL_CONVERSION = YES;
				CLANG_WARN_COMMA = YES;
				CLANG_WARN_CONSTANT_CONVERSION = YES;
				CLANG_WARN_DEPRECATED_OBJC_IMPLEMENTATIONS = YES;
				CLANG_WARN_DIRECT_OBJC_ISA_USAGE = YES_ERROR;
				CLANG_WARN_DOCUMENTATION_COMMENTS = YES;
				CLANG_WARN_EMPTY_BODY = YES;
				CLANG_WARN_ENUM_CONVERSION = YES;
				CLANG_WARN_INFINITE_RECURSION = YES;
				CLANG_WARN_INT_CONVERSION = YES;
				CLANG_WARN_NON_LITERAL_NULL_CONVERSION = YES;
				CLANG_WARN_OBJC_IMPLICIT_RETAIN_SELF = YES;
				CLANG_WARN_OBJC_LITERAL_CONVERSION = YES;
				CLANG_WARN_OBJC_ROOT_CLASS = YES_ERROR;
				CLANG_WARN_QUOTED_INCLUDE_IN_FRAMEWORK_HEADER = YES;
				CLANG_WARN_RANGE_LOOP_ANALYSIS = YES;
				CLANG_WARN_STRICT_PROTOTYPES = YES;
				CLANG_WARN_SUSPICIOUS_MOVE = YES;
				CLANG_WARN_UNGUARDED_AVAILABILITY = YES_AGGRESSIVE;
				CLANG_WARN_UNREACHABLE_CODE = YES;
				CLANG_WARN__DUPLICATE_METHOD_MATCH = YES;
				COPY_PHASE_STRIP = NO;
				DEBUG_INFORMATION_FORMAT = "dwarf-with-dsym";
				ENABLE_NS_ASSERTIONS = NO;
				ENABLE_STRICT_OBJC_MSGSEND = YES;
				GCC_C_LANGUAGE_STANDARD = gnu11;
				GCC_NO_COMMON_BLOCKS = YES;
				GCC_WARN_64_TO_32_BIT_CONVERSION = YES;
				GCC_WARN_ABOUT_RETURN_TYPE = YES_ERROR;
				GCC_WARN_UNDECLARED_SELECTOR = YES;
				GCC_WARN_UNINITIALIZED_AUTOS = YES_AGGRESSIVE;
				GCC_WARN_UNUSED_FUNCTION = YES;
				GCC_WARN_UNUSED_VARIABLE = YES;
				IPHONEOS_DEPLOYMENT_TARGET = 14.5;
				MTL_ENABLE_DEBUG_INFO = NO;
				MTL_FAST_MATH = YES;
				SDKROOT = iphoneos;
				SWIFT_COMPILATION_MODE = wholemodule;
				SWIFT_OPTIMIZATION_LEVEL = "-O";
				VALIDATE_PRODUCT = YES;
			};
			name = Release;
		};
		E376333327BD558200A7AD56 /* Debug */ = {
			isa = XCBuildConfiguration;
			baseConfigurationReference = C1FCCBDCA9702607B098B425 /* Pods-Crown.debug.xcconfig */;
			buildSettings = {
				ASSETCATALOG_COMPILER_APPICON_NAME = AppIcon;
				ASSETCATALOG_COMPILER_GLOBAL_ACCENT_COLOR_NAME = AccentColor;
				CODE_SIGN_STYLE = Automatic;
				DEVELOPMENT_ASSET_PATHS = "\"Crown/Preview Content\"";
				ENABLE_PREVIEWS = YES;
				INFOPLIST_FILE = Crown/Info.plist;
				IPHONEOS_DEPLOYMENT_TARGET = 14.0;
				LD_RUNPATH_SEARCH_PATHS = (
					"$(inherited)",
					"@executable_path/Frameworks",
				);
				PRODUCT_BUNDLE_IDENTIFIER = "New-Wave-Inc.Crown";
				PRODUCT_NAME = "$(TARGET_NAME)";
				SWIFT_VERSION = 5.0;
				TARGETED_DEVICE_FAMILY = "1,2";
			};
			name = Debug;
		};
		E376333427BD558200A7AD56 /* Release */ = {
			isa = XCBuildConfiguration;
			baseConfigurationReference = A46104DD08EF13B12C6F3F4D /* Pods-Crown.release.xcconfig */;
			buildSettings = {
				ASSETCATALOG_COMPILER_APPICON_NAME = AppIcon;
				ASSETCATALOG_COMPILER_GLOBAL_ACCENT_COLOR_NAME = AccentColor;
				CODE_SIGN_STYLE = Automatic;
				DEVELOPMENT_ASSET_PATHS = "\"Crown/Preview Content\"";
				ENABLE_PREVIEWS = YES;
				INFOPLIST_FILE = Crown/Info.plist;
				IPHONEOS_DEPLOYMENT_TARGET = 14.0;
				LD_RUNPATH_SEARCH_PATHS = (
					"$(inherited)",
					"@executable_path/Frameworks",
				);
				PRODUCT_BUNDLE_IDENTIFIER = "New-Wave-Inc.Crown";
				PRODUCT_NAME = "$(TARGET_NAME)";
				SWIFT_VERSION = 5.0;
				TARGETED_DEVICE_FAMILY = "1,2";
			};
			name = Release;
		};
		E376333627BD558200A7AD56 /* Debug */ = {
			isa = XCBuildConfiguration;
			buildSettings = {
				ALWAYS_EMBED_SWIFT_STANDARD_LIBRARIES = YES;
				BUNDLE_LOADER = "$(TEST_HOST)";
				CODE_SIGN_STYLE = Automatic;
				INFOPLIST_FILE = CrownTests/Info.plist;
				IPHONEOS_DEPLOYMENT_TARGET = 14.0;
				LD_RUNPATH_SEARCH_PATHS = (
					"$(inherited)",
					"@executable_path/Frameworks",
					"@loader_path/Frameworks",
				);
				PRODUCT_BUNDLE_IDENTIFIER = "New-Wave-Inc.CrownTests";
				PRODUCT_NAME = "$(TARGET_NAME)";
				SWIFT_VERSION = 5.0;
				TARGETED_DEVICE_FAMILY = "1,2";
				TEST_HOST = "$(BUILT_PRODUCTS_DIR)/Crown.app/Crown";
			};
			name = Debug;
		};
		E376333727BD558200A7AD56 /* Release */ = {
			isa = XCBuildConfiguration;
			buildSettings = {
				ALWAYS_EMBED_SWIFT_STANDARD_LIBRARIES = YES;
				BUNDLE_LOADER = "$(TEST_HOST)";
				CODE_SIGN_STYLE = Automatic;
				INFOPLIST_FILE = CrownTests/Info.plist;
				IPHONEOS_DEPLOYMENT_TARGET = 14.0;
				LD_RUNPATH_SEARCH_PATHS = (
					"$(inherited)",
					"@executable_path/Frameworks",
					"@loader_path/Frameworks",
				);
				PRODUCT_BUNDLE_IDENTIFIER = "New-Wave-Inc.CrownTests";
				PRODUCT_NAME = "$(TARGET_NAME)";
				SWIFT_VERSION = 5.0;
				TARGETED_DEVICE_FAMILY = "1,2";
				TEST_HOST = "$(BUILT_PRODUCTS_DIR)/Crown.app/Crown";
			};
			name = Release;
		};
		E376333927BD558200A7AD56 /* Debug */ = {
			isa = XCBuildConfiguration;
			buildSettings = {
				ALWAYS_EMBED_SWIFT_STANDARD_LIBRARIES = YES;
				CODE_SIGN_STYLE = Automatic;
				INFOPLIST_FILE = CrownUITests/Info.plist;
				LD_RUNPATH_SEARCH_PATHS = (
					"$(inherited)",
					"@executable_path/Frameworks",
					"@loader_path/Frameworks",
				);
				PRODUCT_BUNDLE_IDENTIFIER = "New-Wave-Inc.CrownUITests";
				PRODUCT_NAME = "$(TARGET_NAME)";
				SWIFT_VERSION = 5.0;
				TARGETED_DEVICE_FAMILY = "1,2";
				TEST_TARGET_NAME = Crown;
			};
			name = Debug;
		};
		E376333A27BD558200A7AD56 /* Release */ = {
			isa = XCBuildConfiguration;
			buildSettings = {
				ALWAYS_EMBED_SWIFT_STANDARD_LIBRARIES = YES;
				CODE_SIGN_STYLE = Automatic;
				INFOPLIST_FILE = CrownUITests/Info.plist;
				LD_RUNPATH_SEARCH_PATHS = (
					"$(inherited)",
					"@executable_path/Frameworks",
					"@loader_path/Frameworks",
				);
				PRODUCT_BUNDLE_IDENTIFIER = "New-Wave-Inc.CrownUITests";
				PRODUCT_NAME = "$(TARGET_NAME)";
				SWIFT_VERSION = 5.0;
				TARGETED_DEVICE_FAMILY = "1,2";
				TEST_TARGET_NAME = Crown;
			};
			name = Release;
		};
/* End XCBuildConfiguration section */

/* Begin XCConfigurationList section */
		E376330827BD557E00A7AD56 /* Build configuration list for PBXProject "Crown" */ = {
			isa = XCConfigurationList;
			buildConfigurations = (
				E376333027BD558200A7AD56 /* Debug */,
				E376333127BD558200A7AD56 /* Release */,
			);
			defaultConfigurationIsVisible = 0;
			defaultConfigurationName = Release;
		};
		E376333227BD558200A7AD56 /* Build configuration list for PBXNativeTarget "Crown" */ = {
			isa = XCConfigurationList;
			buildConfigurations = (
				E376333327BD558200A7AD56 /* Debug */,
				E376333427BD558200A7AD56 /* Release */,
			);
			defaultConfigurationIsVisible = 0;
			defaultConfigurationName = Release;
		};
		E376333527BD558200A7AD56 /* Build configuration list for PBXNativeTarget "CrownTests" */ = {
			isa = XCConfigurationList;
			buildConfigurations = (
				E376333627BD558200A7AD56 /* Debug */,
				E376333727BD558200A7AD56 /* Release */,
			);
			defaultConfigurationIsVisible = 0;
			defaultConfigurationName = Release;
		};
		E376333827BD558200A7AD56 /* Build configuration list for PBXNativeTarget "CrownUITests" */ = {
			isa = XCConfigurationList;
			buildConfigurations = (
				E376333927BD558200A7AD56 /* Debug */,
				E376333A27BD558200A7AD56 /* Release */,
			);
			defaultConfigurationIsVisible = 0;
			defaultConfigurationName = Release;
		};
/* End XCConfigurationList section */
	};
	rootObject = E376330527BD557E00A7AD56 /* Project object */;
}
